
Microsoft Visual Studio Solution File, Format Version 12.00
# Visual Studio 15
VisualStudioVersion = 15.0.26430.14
MinimumVisualStudioVersion = 10.0.40219.1
Project("{FAE04EC0-301F-11D3-BF4B-00C04F79EFBC}") = "Siala.WebUI", "Siala.WebUI\Siala.WebUI.csproj", "{2BC1369C-566F-4B12-956C-D1AEB138E207}"
EndProject
Project("{FAE04EC0-301F-11D3-BF4B-00C04F79EFBC}") = "Siala.Domain", "Siala.Domain\Siala.Domain.csproj", "{48A40CC0-9F2B-4FA0-B4D0-713C7A312AB9}"
EndProject
Project("{FAE04EC0-301F-11D3-BF4B-00C04F79EFBC}") = "Siala.Services", "Siala.Services\Siala.Services.csproj", "{CC820A80-0893-47A1-98A6-2A93BD1B9238}"
EndProject
Project("{FAE04EC0-301F-11D3-BF4B-00C04F79EFBC}") = "Siala.Tests", "Siala.Tests\Siala.Tests.csproj", "{11A770BB-594C-43AC-96EF-D6E2AB9E7D66}"
EndProject
Global
	GlobalSection(SolutionConfigurationPlatforms) = preSolution
		Debug|Any CPU = Debug|Any CPU
		Release|Any CPU = Release|Any CPU
	EndGlobalSection
	GlobalSection(ProjectConfigurationPlatforms) = postSolution
		{2BC1369C-566F-4B12-956C-D1AEB138E207}.Debug|Any CPU.ActiveCfg = Debug|Any CPU
		{2BC1369C-566F-4B12-956C-D1AEB138E207}.Debug|Any CPU.Build.0 = Debug|Any CPU
		{2BC1369C-566F-4B12-956C-D1AEB138E207}.Release|Any CPU.ActiveCfg = Release|Any CPU
		{2BC1369C-566F-4B12-956C-D1AEB138E207}.Release|Any CPU.Build.0 = Release|Any CPU
		{48A40CC0-9F2B-4FA0-B4D0-713C7A312AB9}.Debug|Any CPU.ActiveCfg = Debug|Any CPU
		{48A40CC0-9F2B-4FA0-B4D0-713C7A312AB9}.Debug|Any CPU.Build.0 = Debug|Any CPU
		{48A40CC0-9F2B-4FA0-B4D0-713C7A312AB9}.Release|Any CPU.ActiveCfg = Release|Any CPU
		{48A40CC0-9F2B-4FA0-B4D0-713C7A312AB9}.Release|Any CPU.Build.0 = Release|Any CPU
		{CC820A80-0893-47A1-98A6-2A93BD1B9238}.Debug|Any CPU.ActiveCfg = Debug|Any CPU
		{CC820A80-0893-47A1-98A6-2A93BD1B9238}.Debug|Any CPU.Build.0 = Debug|Any CPU
		{CC820A80-0893-47A1-98A6-2A93BD1B9238}.Release|Any CPU.ActiveCfg = Release|Any CPU
		{CC820A80-0893-47A1-98A6-2A93BD1B9238}.Release|Any CPU.Build.0 = Release|Any CPU
		{11A770BB-594C-43AC-96EF-D6E2AB9E7D66}.Debug|Any CPU.ActiveCfg = Debug|Any CPU
		{11A770BB-594C-43AC-96EF-D6E2AB9E7D66}.Debug|Any CPU.Build.0 = Debug|Any CPU
		{11A770BB-594C-43AC-96EF-D6E2AB9E7D66}.Release|Any CPU.ActiveCfg = Release|Any CPU
		{11A770BB-594C-43AC-96EF-D6E2AB9E7D66}.Release|Any CPU.Build.0 = Release|Any CPU
	EndGlobalSection
	GlobalSection(SolutionProperties) = preSolution
		HideSolutionNode = FALSE
	EndGlobalSection
EndGlobal
